#MicroXplorer Configuration settings - do not modify
CAD.formats=
CAD.pinconfig=
CAD.provider=
CORTEX_M7.AccessPermission_S-Cortex_Memory_Protection_Unit_Region1_Settings_S=MPU_REGION_PRIV_RO
CORTEX_M7.AccessPermission_S-Cortex_Memory_Protection_Unit_Region2_Settings_S=MPU_REGION_PRIV_RW
CORTEX_M7.AccessPermission_Spec=MPU_REGION_NO_ACCESS
CORTEX_M7.BaseAddress_S-Cortex_Memory_Protection_Unit_Region1_Settings_S=0x08000000
CORTEX_M7.BaseAddress_S-Cortex_Memory_Protection_Unit_Region2_Settings_S=0x20000000
CORTEX_M7.BaseAddress_Spec=0x00000000
CORTEX_M7.CPU_DCache=Enabled
CORTEX_M7.CPU_ICache=Enabled
CORTEX_M7.DisableExec_S-Cortex_Memory_Protection_Unit_Region2_Settings_S=MPU_INSTRUCTION_ACCESS_DISABLE
CORTEX_M7.Enable_S-Cortex_Memory_Protection_Unit_Region1_Settings_S=MPU_REGION_ENABLE
CORTEX_M7.Enable_S-Cortex_Memory_Protection_Unit_Region2_Settings_S=MPU_REGION_ENABLE
CORTEX_M7.IPParameters=default_mode_Activation,CPU_ICache,CPU_DCache,TypeExtField_Spec,SubRegionDisable_Spec,BaseAddress_Spec,Size_Spec,IsCacheable_Spec,AccessPermission_Spec,Enable_S-Cortex_Memory_Protection_Unit_Region1_Settings_S,BaseAddress_S-Cortex_Memory_Protection_Unit_Region1_Settings_S,Size_S-Cortex_Memory_Protection_Unit_Region1_Settings_S,TypeExtField_S-Cortex_Memory_Protection_Unit_Region1_Settings_S,AccessPermission_S-Cortex_Memory_Protection_Unit_Region1_Settings_S,IsCacheable_S-Cortex_Memory_Protection_Unit_Region1_Settings_S,Enable_S-Cortex_Memory_Protection_Unit_Region2_Settings_S,BaseAddress_S-Cortex_Memory_Protection_Unit_Region2_Settings_S,Size_S-Cortex_Memory_Protection_Unit_Region2_Settings_S,TypeExtField_S-Cortex_Memory_Protection_Unit_Region2_Settings_S,DisableExec_S-Cortex_Memory_Protection_Unit_Region2_Settings_S,IsCacheable_S-Cortex_Memory_Protection_Unit_Region2_Settings_S,IsBufferable_S-Cortex_Memory_Protection_Unit_Region2_Settings_S,AccessPermission_S-Cortex_Memory_Protection_Unit_Region2_Settings_S
CORTEX_M7.IsBufferable_S-Cortex_Memory_Protection_Unit_Region2_Settings_S=MPU_ACCESS_BUFFERABLE
CORTEX_M7.IsCacheable_S-Cortex_Memory_Protection_Unit_Region1_Settings_S=MPU_ACCESS_CACHEABLE
CORTEX_M7.IsCacheable_S-Cortex_Memory_Protection_Unit_Region2_Settings_S=MPU_ACCESS_CACHEABLE
CORTEX_M7.IsCacheable_Spec=MPU_ACCESS_NOT_CACHEABLE
CORTEX_M7.Size_S-Cortex_Memory_Protection_Unit_Region1_Settings_S=MPU_REGION_SIZE_1MB
CORTEX_M7.Size_S-Cortex_Memory_Protection_Unit_Region2_Settings_S=MPU_REGION_SIZE_512KB
CORTEX_M7.Size_Spec=MPU_REGION_SIZE_4GB
CORTEX_M7.SubRegionDisable_Spec=0x87
CORTEX_M7.TypeExtField_S-Cortex_Memory_Protection_Unit_Region1_Settings_S=MPU_TEX_LEVEL1
CORTEX_M7.TypeExtField_S-Cortex_Memory_Protection_Unit_Region2_Settings_S=MPU_TEX_LEVEL1
CORTEX_M7.TypeExtField_Spec=MPU_TEX_LEVEL0
CORTEX_M7.default_mode_Activation=1
Dma.CORDIC_RD.4.Direction=DMA_PERIPH_TO_MEMORY
Dma.CORDIC_RD.4.EventEnable=DISABLE
Dma.CORDIC_RD.4.FIFOMode=DMA_FIFOMODE_DISABLE
Dma.CORDIC_RD.4.Instance=DMA1_Stream4
Dma.CORDIC_RD.4.MemDataAlignment=DMA_MDATAALIGN_BYTE
Dma.CORDIC_RD.4.MemInc=DMA_MINC_ENABLE
Dma.CORDIC_RD.4.Mode=DMA_NORMAL
Dma.CORDIC_RD.4.PeriphDataAlignment=DMA_PDATAALIGN_BYTE
Dma.CORDIC_RD.4.PeriphInc=DMA_PINC_DISABLE
Dma.CORDIC_RD.4.Polarity=HAL_DMAMUX_REQ_GEN_RISING
Dma.CORDIC_RD.4.Priority=DMA_PRIORITY_LOW
Dma.CORDIC_RD.4.RequestNumber=1
Dma.CORDIC_RD.4.RequestParameters=Instance,Direction,PeriphInc,MemInc,PeriphDataAlignment,MemDataAlignment,Mode,Priority,FIFOMode,SignalID,Polarity,RequestNumber,SyncSignalID,SyncPolarity,SyncEnable,EventEnable,SyncRequestNumber
Dma.CORDIC_RD.4.SignalID=NONE
Dma.CORDIC_RD.4.SyncEnable=DISABLE
Dma.CORDIC_RD.4.SyncPolarity=HAL_DMAMUX_SYNC_NO_EVENT
Dma.CORDIC_RD.4.SyncRequestNumber=1
Dma.CORDIC_RD.4.SyncSignalID=NONE
Dma.CORDIC_WR.5.Direction=DMA_MEMORY_TO_PERIPH
Dma.CORDIC_WR.5.EventEnable=DISABLE
Dma.CORDIC_WR.5.FIFOMode=DMA_FIFOMODE_DISABLE
Dma.CORDIC_WR.5.Instance=DMA1_Stream5
Dma.CORDIC_WR.5.MemDataAlignment=DMA_MDATAALIGN_BYTE
Dma.CORDIC_WR.5.MemInc=DMA_MINC_ENABLE
Dma.CORDIC_WR.5.Mode=DMA_NORMAL
Dma.CORDIC_WR.5.PeriphDataAlignment=DMA_PDATAALIGN_BYTE
Dma.CORDIC_WR.5.PeriphInc=DMA_PINC_DISABLE
Dma.CORDIC_WR.5.Polarity=HAL_DMAMUX_REQ_GEN_RISING
Dma.CORDIC_WR.5.Priority=DMA_PRIORITY_LOW
Dma.CORDIC_WR.5.RequestNumber=1
Dma.CORDIC_WR.5.RequestParameters=Instance,Direction,PeriphInc,MemInc,PeriphDataAlignment,MemDataAlignment,Mode,Priority,FIFOMode,SignalID,Polarity,RequestNumber,SyncSignalID,SyncPolarity,SyncEnable,EventEnable,SyncRequestNumber
Dma.CORDIC_WR.5.SignalID=NONE
Dma.CORDIC_WR.5.SyncEnable=DISABLE
Dma.CORDIC_WR.5.SyncPolarity=HAL_DMAMUX_SYNC_NO_EVENT
Dma.CORDIC_WR.5.SyncRequestNumber=1
Dma.CORDIC_WR.5.SyncSignalID=NONE
Dma.Request0=USART1_RX
Dma.Request1=USART1_TX
Dma.Request2=USART3_RX
Dma.Request3=USART3_TX
Dma.Request4=CORDIC_RD
Dma.Request5=CORDIC_WR
Dma.Request6=UART8_RX
Dma.Request7=UART8_TX
Dma.RequestsNb=8
Dma.UART8_RX.6.Direction=DMA_PERIPH_TO_MEMORY
Dma.UART8_RX.6.EventEnable=DISABLE
Dma.UART8_RX.6.FIFOMode=DMA_FIFOMODE_DISABLE
Dma.UART8_RX.6.Instance=DMA1_Stream6
Dma.UART8_RX.6.MemDataAlignment=DMA_MDATAALIGN_BYTE
Dma.UART8_RX.6.MemInc=DMA_MINC_ENABLE
Dma.UART8_RX.6.Mode=DMA_NORMAL
Dma.UART8_RX.6.PeriphDataAlignment=DMA_PDATAALIGN_BYTE
Dma.UART8_RX.6.PeriphInc=DMA_PINC_DISABLE
Dma.UART8_RX.6.Polarity=HAL_DMAMUX_REQ_GEN_RISING
Dma.UART8_RX.6.Priority=DMA_PRIORITY_LOW
Dma.UART8_RX.6.RequestNumber=1
Dma.UART8_RX.6.RequestParameters=Instance,Direction,PeriphInc,MemInc,PeriphDataAlignment,MemDataAlignment,Mode,Priority,FIFOMode,SignalID,Polarity,RequestNumber,SyncSignalID,SyncPolarity,SyncEnable,EventEnable,SyncRequestNumber
Dma.UART8_RX.6.SignalID=NONE
Dma.UART8_RX.6.SyncEnable=DISABLE
Dma.UART8_RX.6.SyncPolarity=HAL_DMAMUX_SYNC_NO_EVENT
Dma.UART8_RX.6.SyncRequestNumber=1
Dma.UART8_RX.6.SyncSignalID=NONE
Dma.UART8_TX.7.Direction=DMA_MEMORY_TO_PERIPH
Dma.UART8_TX.7.EventEnable=DISABLE
Dma.UART8_TX.7.FIFOMode=DMA_FIFOMODE_DISABLE
Dma.UART8_TX.7.Instance=DMA1_Stream7
Dma.UART8_TX.7.MemDataAlignment=DMA_MDATAALIGN_BYTE
Dma.UART8_TX.7.MemInc=DMA_MINC_ENABLE
Dma.UART8_TX.7.Mode=DMA_NORMAL
Dma.UART8_TX.7.PeriphDataAlignment=DMA_PDATAALIGN_BYTE
Dma.UART8_TX.7.PeriphInc=DMA_PINC_DISABLE
Dma.UART8_TX.7.Polarity=HAL_DMAMUX_REQ_GEN_RISING
Dma.UART8_TX.7.Priority=DMA_PRIORITY_LOW
Dma.UART8_TX.7.RequestNumber=1
Dma.UART8_TX.7.RequestParameters=Instance,Direction,PeriphInc,MemInc,PeriphDataAlignment,MemDataAlignment,Mode,Priority,FIFOMode,SignalID,Polarity,RequestNumber,SyncSignalID,SyncPolarity,SyncEnable,EventEnable,SyncRequestNumber
Dma.UART8_TX.7.SignalID=NONE
Dma.UART8_TX.7.SyncEnable=DISABLE
Dma.UART8_TX.7.SyncPolarity=HAL_DMAMUX_SYNC_NO_EVENT
Dma.UART8_TX.7.SyncRequestNumber=1
Dma.UART8_TX.7.SyncSignalID=NONE
Dma.USART1_RX.0.Direction=DMA_PERIPH_TO_MEMORY
Dma.USART1_RX.0.EventEnable=DISABLE
Dma.USART1_RX.0.FIFOMode=DMA_FIFOMODE_DISABLE
Dma.USART1_RX.0.Instance=DMA1_Stream0
Dma.USART1_RX.0.MemDataAlignment=DMA_MDATAALIGN_BYTE
Dma.USART1_RX.0.MemInc=DMA_MINC_ENABLE
Dma.USART1_RX.0.Mode=DMA_NORMAL
Dma.USART1_RX.0.PeriphDataAlignment=DMA_PDATAALIGN_BYTE
Dma.USART1_RX.0.PeriphInc=DMA_PINC_DISABLE
Dma.USART1_RX.0.Polarity=HAL_DMAMUX_REQ_GEN_RISING
Dma.USART1_RX.0.Priority=DMA_PRIORITY_LOW
Dma.USART1_RX.0.RequestNumber=1
Dma.USART1_RX.0.RequestParameters=Instance,Direction,PeriphInc,MemInc,PeriphDataAlignment,MemDataAlignment,Mode,Priority,FIFOMode,SignalID,Polarity,RequestNumber,SyncSignalID,SyncPolarity,SyncEnable,EventEnable,SyncRequestNumber
Dma.USART1_RX.0.SignalID=NONE
Dma.USART1_RX.0.SyncEnable=DISABLE
Dma.USART1_RX.0.SyncPolarity=HAL_DMAMUX_SYNC_NO_EVENT
Dma.USART1_RX.0.SyncRequestNumber=1
Dma.USART1_RX.0.SyncSignalID=NONE
Dma.USART1_TX.1.Direction=DMA_MEMORY_TO_PERIPH
Dma.USART1_TX.1.EventEnable=DISABLE
Dma.USART1_TX.1.FIFOMode=DMA_FIFOMODE_DISABLE
Dma.USART1_TX.1.Instance=DMA1_Stream1
Dma.USART1_TX.1.MemDataAlignment=DMA_MDATAALIGN_BYTE
Dma.USART1_TX.1.MemInc=DMA_MINC_ENABLE
Dma.USART1_TX.1.Mode=DMA_NORMAL
Dma.USART1_TX.1.PeriphDataAlignment=DMA_PDATAALIGN_BYTE
Dma.USART1_TX.1.PeriphInc=DMA_PINC_DISABLE
Dma.USART1_TX.1.Polarity=HAL_DMAMUX_REQ_GEN_RISING
Dma.USART1_TX.1.Priority=DMA_PRIORITY_LOW
Dma.USART1_TX.1.RequestNumber=1
Dma.USART1_TX.1.RequestParameters=Instance,Direction,PeriphInc,MemInc,PeriphDataAlignment,MemDataAlignment,Mode,Priority,FIFOMode,SignalID,Polarity,RequestNumber,SyncSignalID,SyncPolarity,SyncEnable,EventEnable,SyncRequestNumber
Dma.USART1_TX.1.SignalID=NONE
Dma.USART1_TX.1.SyncEnable=DISABLE
Dma.USART1_TX.1.SyncPolarity=HAL_DMAMUX_SYNC_NO_EVENT
Dma.USART1_TX.1.SyncRequestNumber=1
Dma.USART1_TX.1.SyncSignalID=NONE
Dma.USART3_RX.2.Direction=DMA_PERIPH_TO_MEMORY
Dma.USART3_RX.2.EventEnable=DISABLE
Dma.USART3_RX.2.FIFOMode=DMA_FIFOMODE_DISABLE
Dma.USART3_RX.2.Instance=DMA1_Stream2
Dma.USART3_RX.2.MemDataAlignment=DMA_MDATAALIGN_BYTE
Dma.USART3_RX.2.MemInc=DMA_MINC_ENABLE
Dma.USART3_RX.2.Mode=DMA_NORMAL
Dma.USART3_RX.2.PeriphDataAlignment=DMA_PDATAALIGN_BYTE
Dma.USART3_RX.2.PeriphInc=DMA_PINC_DISABLE
Dma.USART3_RX.2.Polarity=HAL_DMAMUX_REQ_GEN_RISING
Dma.USART3_RX.2.Priority=DMA_PRIORITY_LOW
Dma.USART3_RX.2.RequestNumber=1
Dma.USART3_RX.2.RequestParameters=Instance,Direction,PeriphInc,MemInc,PeriphDataAlignment,MemDataAlignment,Mode,Priority,FIFOMode,SignalID,Polarity,RequestNumber,SyncSignalID,SyncPolarity,SyncEnable,EventEnable,SyncRequestNumber
Dma.USART3_RX.2.SignalID=NONE
Dma.USART3_RX.2.SyncEnable=DISABLE
Dma.USART3_RX.2.SyncPolarity=HAL_DMAMUX_SYNC_NO_EVENT
Dma.USART3_RX.2.SyncRequestNumber=1
Dma.USART3_RX.2.SyncSignalID=NONE
Dma.USART3_TX.3.Direction=DMA_MEMORY_TO_PERIPH
Dma.USART3_TX.3.EventEnable=DISABLE
Dma.USART3_TX.3.FIFOMode=DMA_FIFOMODE_DISABLE
Dma.USART3_TX.3.Instance=DMA1_Stream3
Dma.USART3_TX.3.MemDataAlignment=DMA_MDATAALIGN_BYTE
Dma.USART3_TX.3.MemInc=DMA_MINC_ENABLE
Dma.USART3_TX.3.Mode=DMA_NORMAL
Dma.USART3_TX.3.PeriphDataAlignment=DMA_PDATAALIGN_BYTE
Dma.USART3_TX.3.PeriphInc=DMA_PINC_DISABLE
Dma.USART3_TX.3.Polarity=HAL_DMAMUX_REQ_GEN_RISING
Dma.USART3_TX.3.Priority=DMA_PRIORITY_LOW
Dma.USART3_TX.3.RequestNumber=1
Dma.USART3_TX.3.RequestParameters=Instance,Direction,PeriphInc,MemInc,PeriphDataAlignment,MemDataAlignment,Mode,Priority,FIFOMode,SignalID,Polarity,RequestNumber,SyncSignalID,SyncPolarity,SyncEnable,EventEnable,SyncRequestNumber
Dma.USART3_TX.3.SignalID=NONE
Dma.USART3_TX.3.SyncEnable=DISABLE
Dma.USART3_TX.3.SyncPolarity=HAL_DMAMUX_SYNC_NO_EVENT
Dma.USART3_TX.3.SyncRequestNumber=1
Dma.USART3_TX.3.SyncSignalID=NONE
FDCAN1.CalculateBaudRateNominal=1000000
FDCAN1.CalculateTimeBitNominal=1000
FDCAN1.CalculateTimeQuantumNominal=40.0
FDCAN1.DataPrescaler=1
FDCAN1.DataSyncJumpWidth=2
FDCAN1.DataTimeSeg1=15
FDCAN1.DataTimeSeg2=9
FDCAN1.ExtFiltersNbr=2
FDCAN1.IPParameters=CalculateTimeQuantumNominal,CalculateTimeBitNominal,CalculateBaudRateNominal,NominalPrescaler,NominalTimeSeg1,NominalTimeSeg2,ProtocolException,NominalSyncJumpWidth,DataPrescaler,DataSyncJumpWidth,DataTimeSeg1,DataTimeSeg2,StdFiltersNbr,RxFifo0ElmtsNbr,TxFifoQueueElmtsNbr,RxFifo1ElmtsNbr,ExtFiltersNbr,RxBuffersNbr,TxBuffersNbr
FDCAN1.NominalPrescaler=1
FDCAN1.NominalSyncJumpWidth=2
FDCAN1.NominalTimeSeg1=15
FDCAN1.NominalTimeSeg2=9
FDCAN1.ProtocolException=DISABLE
FDCAN1.RxBuffersNbr=0
FDCAN1.RxFifo0ElmtsNbr=8
FDCAN1.RxFifo1ElmtsNbr=8
FDCAN1.StdFiltersNbr=2
FDCAN1.TxBuffersNbr=29
FDCAN1.TxFifoQueueElmtsNbr=3
FDCAN2.CalculateBaudRateNominal=1000000
FDCAN2.CalculateTimeBitNominal=1000
FDCAN2.CalculateTimeQuantumNominal=40.0
FDCAN2.DataPrescaler=1
FDCAN2.DataSyncJumpWidth=2
FDCAN2.DataTimeSeg1=15
FDCAN2.DataTimeSeg2=9
FDCAN2.ExtFiltersNbr=2
FDCAN2.IPParameters=CalculateTimeQuantumNominal,CalculateTimeBitNominal,CalculateBaudRateNominal,NominalPrescaler,NominalTimeSeg1,NominalTimeSeg2,DataTimeSeg1,DataTimeSeg2,NominalSyncJumpWidth,ProtocolException,DataPrescaler,DataSyncJumpWidth,MessageRAMOffset,StdFiltersNbr,RxFifo0ElmtsNbr,TxFifoQueueElmtsNbr,ExtFiltersNbr,RxFifo1ElmtsNbr,RxBuffersNbr,TxBuffersNbr
FDCAN2.MessageRAMOffset=0x400
FDCAN2.NominalPrescaler=1
FDCAN2.NominalSyncJumpWidth=2
FDCAN2.NominalTimeSeg1=15
FDCAN2.NominalTimeSeg2=9
FDCAN2.ProtocolException=DISABLE
FDCAN2.RxBuffersNbr=0
FDCAN2.RxFifo0ElmtsNbr=8
FDCAN2.RxFifo1ElmtsNbr=8
FDCAN2.StdFiltersNbr=2
FDCAN2.TxBuffersNbr=29
FDCAN2.TxFifoQueueElmtsNbr=3
FDCAN3.CalculateBaudRateNominal=1000000
FDCAN3.CalculateTimeBitNominal=1000
FDCAN3.CalculateTimeQuantumNominal=40.0
FDCAN3.DataSyncJumpWidth=2
FDCAN3.DataTimeSeg1=15
FDCAN3.DataTimeSeg2=9
FDCAN3.ExtFiltersNbr=2
FDCAN3.IPParameters=CalculateTimeQuantumNominal,CalculateTimeBitNominal,CalculateBaudRateNominal,NominalPrescaler,NominalTimeSeg1,MessageRAMOffset,NominalSyncJumpWidth,DataSyncJumpWidth,DataTimeSeg1,DataTimeSeg2,StdFiltersNbr,ExtFiltersNbr,RxFifo0ElmtsNbr,RxFifo1ElmtsNbr,TxFifoQueueElmtsNbr,NominalTimeSeg2,RxBuffersNbr,TxBuffersNbr
FDCAN3.MessageRAMOffset=0x800
FDCAN3.NominalPrescaler=1
FDCAN3.NominalSyncJumpWidth=2
FDCAN3.NominalTimeSeg1=15
FDCAN3.NominalTimeSeg2=9
FDCAN3.RxBuffersNbr=0
FDCAN3.RxFifo0ElmtsNbr=8
FDCAN3.RxFifo1ElmtsNbr=8
FDCAN3.StdFiltersNbr=2
FDCAN3.TxBuffersNbr=29
FDCAN3.TxFifoQueueElmtsNbr=3
FREERTOS.IPParameters=Tasks01
FREERTOS.Tasks01=defaultTask,24,128,StartDefaultTask,Default,NULL,Dynamic,NULL,NULL
File.Version=6
GPIO.groupedBy=Group By Peripherals
KeepUserPlacement=false
MMTAppRegionsCount=0
MMTConfigApplied=false
MMTSectionSuffix=
Mcu.CPN=STM32H723ZGT6
Mcu.Family=STM32H7
Mcu.IP0=CORDIC
Mcu.IP1=CORTEX_M7
Mcu.IP10=RCC
Mcu.IP11=SYS
Mcu.IP12=TIM2
Mcu.IP13=TIM4
Mcu.IP14=TIM7
Mcu.IP15=TIM13
Mcu.IP16=UART8
Mcu.IP17=USART1
Mcu.IP18=USART3
Mcu.IP19=USB_DEVICE
Mcu.IP2=DEBUG
Mcu.IP20=USB_OTG_HS
Mcu.IP3=DMA
Mcu.IP4=FDCAN1
Mcu.IP5=FDCAN2
Mcu.IP6=FDCAN3
Mcu.IP7=FREERTOS
Mcu.IP8=MEMORYMAP
Mcu.IP9=NVIC
Mcu.IPNb=21
Mcu.Name=STM32H723ZGTx
Mcu.Package=LQFP144
Mcu.Pin0=PE2
Mcu.Pin1=PE3
Mcu.Pin10=PG1
Mcu.Pin11=PB10
Mcu.Pin12=PB11
Mcu.Pin13=PB12
Mcu.Pin14=PB13
Mcu.Pin15=PD12
Mcu.Pin16=PD13
Mcu.Pin17=PD14
Mcu.Pin18=PD15
Mcu.Pin19=PG7
Mcu.Pin2=PF6
Mcu.Pin20=PA11
Mcu.Pin21=PA12
Mcu.Pin22=PA13(JTMS/SWDIO)
Mcu.Pin23=PA14(JTCK/SWCLK)
Mcu.Pin24=PD0
Mcu.Pin25=PD1
Mcu.Pin26=PB6
Mcu.Pin27=PB7
Mcu.Pin28=PE0
Mcu.Pin29=PE1
Mcu.Pin3=PF7
Mcu.Pin30=VP_CORDIC_VS_CORDIC
Mcu.Pin31=VP_FREERTOS_VS_CMSIS_V2
Mcu.Pin32=VP_SYS_VS_tim6
Mcu.Pin33=VP_TIM2_VS_ClockSourceINT
Mcu.Pin34=VP_TIM4_VS_ClockSourceINT
Mcu.Pin35=VP_TIM7_VS_ClockSourceINT
Mcu.Pin36=VP_TIM13_VS_ClockSourceINT
Mcu.Pin37=VP_USB_DEVICE_VS_USB_DEVICE_CDC_HS
Mcu.Pin38=VP_MEMORYMAP_VS_MEMORYMAP
Mcu.Pin4=PF8
Mcu.Pin5=PF9
Mcu.Pin6=PH0-OSC_IN
Mcu.Pin7=PH1-OSC_OUT
Mcu.Pin8=PA2
Mcu.Pin9=PG0
Mcu.PinsNb=39
Mcu.ThirdParty0=STMicroelectronics.X-CUBE-ALGOBUILD.1.4.0
Mcu.ThirdPartyNb=1
Mcu.UserConstants=
Mcu.UserName=STM32H723ZGTx
MxCube.Version=6.16.1
MxDb.Version=DB.6.0.161
NVIC.BusFault_IRQn=true\:0\:0\:false\:false\:true\:false\:false\:false\:false
NVIC.CORDIC_IRQn=true\:5\:0\:false\:false\:true\:true\:true\:true\:true
NVIC.DMA1_Stream0_IRQn=true\:5\:0\:false\:false\:true\:true\:false\:true\:true
NVIC.DMA1_Stream1_IRQn=true\:5\:0\:false\:false\:true\:true\:false\:true\:true
NVIC.DMA1_Stream2_IRQn=true\:5\:0\:false\:false\:true\:true\:false\:true\:true
NVIC.DMA1_Stream3_IRQn=true\:5\:0\:false\:false\:true\:true\:false\:true\:true
NVIC.DMA1_Stream4_IRQn=true\:5\:0\:false\:false\:true\:true\:false\:true\:true
NVIC.DMA1_Stream5_IRQn=true\:5\:0\:false\:false\:true\:true\:false\:true\:true
NVIC.DMA1_Stream6_IRQn=true\:5\:0\:false\:false\:true\:true\:false\:true\:true
NVIC.DMA1_Stream7_IRQn=true\:5\:0\:false\:false\:true\:true\:false\:true\:true
NVIC.DebugMonitor_IRQn=true\:0\:0\:false\:false\:true\:false\:false\:false\:false
NVIC.EXTI15_10_IRQn=true\:4\:0\:true\:false\:true\:false\:true\:true\:true
NVIC.EXTI2_IRQn=true\:4\:0\:true\:false\:true\:false\:true\:true\:true
NVIC.EXTI9_5_IRQn=true\:4\:0\:true\:false\:true\:false\:true\:true\:true
NVIC.FDCAN1_IT0_IRQn=true\:5\:0\:false\:false\:true\:true\:true\:true\:true
NVIC.FDCAN1_IT1_IRQn=true\:5\:0\:false\:false\:true\:true\:true\:true\:true
NVIC.FDCAN2_IT0_IRQn=true\:5\:0\:false\:false\:true\:true\:true\:true\:true
NVIC.FDCAN2_IT1_IRQn=true\:5\:0\:false\:false\:true\:true\:true\:true\:true
NVIC.FDCAN3_IT0_IRQn=true\:5\:0\:false\:false\:true\:true\:true\:true\:true
NVIC.FDCAN3_IT1_IRQn=true\:5\:0\:false\:false\:true\:true\:true\:true\:true
NVIC.ForceEnableDMAVector=true
NVIC.HardFault_IRQn=true\:0\:0\:false\:false\:true\:false\:false\:false\:false
NVIC.MemoryManagement_IRQn=true\:0\:0\:false\:false\:true\:false\:false\:false\:false
NVIC.NonMaskableInt_IRQn=true\:0\:0\:false\:false\:true\:false\:false\:false\:false
NVIC.OTG_HS_IRQn=true\:5\:0\:false\:false\:true\:true\:false\:true\:true
NVIC.PendSV_IRQn=true\:15\:0\:false\:false\:false\:true\:false\:false\:false
NVIC.PriorityGroup=NVIC_PRIORITYGROUP_4
NVIC.SVCall_IRQn=true\:0\:0\:false\:false\:false\:false\:false\:false\:false
NVIC.SavedPendsvIrqHandlerGenerated=true
NVIC.SavedSvcallIrqHandlerGenerated=true
NVIC.SavedSystickIrqHandlerGenerated=true
NVIC.SysTick_IRQn=true\:15\:0\:false\:false\:false\:true\:false\:true\:false
NVIC.TIM2_IRQn=true\:5\:0\:false\:false\:true\:true\:true\:true\:true
NVIC.TIM4_IRQn=true\:3\:0\:true\:false\:true\:false\:true\:true\:true
NVIC.TIM6_DAC_IRQn=true\:15\:0\:false\:false\:true\:false\:false\:true\:true
NVIC.TIM7_IRQn=true\:7\:0\:true\:false\:true\:false\:true\:true\:true
NVIC.TIM8_UP_TIM13_IRQn=true\:7\:0\:true\:false\:true\:false\:true\:true\:true
NVIC.TimeBase=TIM6_DAC_IRQn
NVIC.TimeBaseIP=TIM6
NVIC.UART8_IRQn=true\:5\:0\:false\:false\:true\:true\:true\:true\:true
NVIC.USART1_IRQn=true\:5\:0\:false\:false\:true\:false\:true\:true\:true
NVIC.USART3_IRQn=true\:5\:0\:true\:false\:true\:false\:true\:true\:true
NVIC.UsageFault_IRQn=true\:0\:0\:false\:false\:true\:false\:false\:false\:false
PA11.Mode=Device_Only_FS
PA11.Signal=USB_OTG_HS_DM
PA12.Mode=Device_Only_FS
PA12.Signal=USB_OTG_HS_DP
PA13(JTMS/SWDIO).Mode=Serial_Wire
PA13(JTMS/SWDIO).Signal=DEBUG_JTMS-SWDIO
PA14(JTCK/SWCLK).Mode=Serial_Wire
PA14(JTCK/SWCLK).Signal=DEBUG_JTCK-SWCLK
PA2.GPIOParameters=GPIO_PuPd,GPIO_Label
PA2.GPIO_Label=photogate_1
PA2.GPIO_PuPd=GPIO_PULLUP
PA2.Locked=true
PA2.Signal=GPXTI2
PB10.Mode=Asynchronous
PB10.Signal=USART3_TX
PB11.Mode=Asynchronous
PB11.Signal=USART3_RX
PB12.Mode=FDCAN_Activate
PB12.Signal=FDCAN2_RX
PB13.Mode=FDCAN_Activate
PB13.Signal=FDCAN2_TX
PB6.Locked=true
PB6.Mode=Asynchronous
PB6.Signal=USART1_TX
PB7.Locked=true
PB7.Mode=Asynchronous
PB7.Signal=USART1_RX
PD0.Mode=FDCAN_Activate
PD0.Signal=FDCAN1_RX
PD1.Mode=FDCAN_Activate
PD1.Signal=FDCAN1_TX
PD12.GPIOParameters=GPIO_PuPd,GPIO_Label
PD12.GPIO_Label=photogate_5
PD12.GPIO_PuPd=GPIO_PULLUP
PD12.Locked=true
PD12.Signal=GPIO_Input
PD13.GPIOParameters=GPIO_PuPd,GPIO_Label
PD13.GPIO_Label=photogate_6
PD13.GPIO_PuPd=GPIO_PULLUP
PD13.Locked=true
PD13.Signal=GPIO_Input
PD14.GPIOParameters=GPIO_PuPd,GPIO_Label
PD14.GPIO_Label=photogate_3
PD14.GPIO_PuPd=GPIO_PULLUP
PD14.Locked=true
PD14.Signal=GPXTI14
PD15.GPIOParameters=GPIO_PuPd,GPIO_Label
PD15.GPIO_Label=photogate_4
PD15.GPIO_PuPd=GPIO_PULLUP
PD15.Locked=true
PD15.Signal=GPXTI15
PE0.Mode=Asynchronous
PE0.Signal=UART8_RX
PE1.Mode=Asynchronous
PE1.Signal=UART8_TX
PE2.GPIOParameters=GPIO_PuPd
PE2.GPIO_PuPd=GPIO_PULLUP
PE2.Locked=true
PE2.Signal=GPIO_Input
PE3.GPIOParameters=GPIO_PuPd
PE3.GPIO_PuPd=GPIO_PULLUP
PE3.Locked=true
PE3.Signal=GPIO_Input
PF6.Mode=FDCAN_Activate
PF6.Signal=FDCAN3_RX
PF7.Mode=FDCAN_Activate
PF7.Signal=FDCAN3_TX
PF8.GPIOParameters=GPIO_PuPd,GPIO_Label
PF8.GPIO_Label=flysky
PF8.GPIO_PuPd=GPIO_NOPULL
PF8.Locked=true
PF8.Signal=GPXTI8
PF9.GPIOParameters=GPIO_PuPd,GPIO_Label
PF9.GPIO_Label=photogate_2
PF9.GPIO_PuPd=GPIO_PULLUP
PF9.Locked=true
PF9.Signal=GPXTI9
PG0.GPIOParameters=GPIO_PuPd,GPIO_Label
PG0.GPIO_Label=photoelectric_switch4
PG0.GPIO_PuPd=GPIO_PULLUP
PG0.Locked=true
PG0.Signal=GPIO_Input
PG1.GPIOParameters=GPIO_PuPd,GPIO_Label
PG1.GPIO_Label=photoelectric_switch3
PG1.GPIO_PuPd=GPIO_PULLUP
PG1.Locked=true
PG1.Signal=GPIO_Input
PG7.GPIOParameters=GPIO_Speed,PinState,GPIO_Label,GPIO_ModeDefaultOutputPP
PG7.GPIO_Label=suction_pin_1
PG7.GPIO_ModeDefaultOutputPP=GPIO_MODE_OUTPUT_PP
PG7.GPIO_Speed=GPIO_SPEED_FREQ_HIGH
PG7.Locked=true
PG7.PinState=GPIO_PIN_RESET
PG7.Signal=GPIO_Output
PH0-OSC_IN.Mode=HSE-External-Oscillator
PH0-OSC_IN.Signal=RCC_OSC_IN
PH1-OSC_OUT.Mode=HSE-External-Oscillator
PH1-OSC_OUT.Signal=RCC_OSC_OUT
PinOutPanel.RotationAngle=0
ProjectManager.AskForMigrate=true
ProjectManager.BackupPrevious=false
ProjectManager.CompilerLinker=GCC
ProjectManager.CompilerOptimize=6
ProjectManager.ComputerToolchain=false
ProjectManager.CoupleFile=true
ProjectManager.CustomerFirmwarePackage=
ProjectManager.DefaultFWLocation=true
ProjectManager.DeletePrevious=true
ProjectManager.DeviceId=STM32H723ZGTx
ProjectManager.FirmwarePackage=STM32Cube FW_H7 V1.12.1
ProjectManager.FreePins=false
ProjectManager.FreePinsContext=
ProjectManager.HalAssertFull=false
ProjectManager.HeapSize=0x200
ProjectManager.KeepUserCode=true
ProjectManager.LastFirmware=true
ProjectManager.LibraryCopy=1
ProjectManager.MainLocation=Core/Src
ProjectManager.NoMain=false
ProjectManager.PreviousToolchain=
ProjectManager.ProjectBuild=false
ProjectManager.ProjectFileName=RC2026.ioc
ProjectManager.ProjectName=RC2026
ProjectManager.ProjectStructure=
ProjectManager.RegisterCallBack=
ProjectManager.StackSize=0x400
ProjectManager.TargetToolchain=MDK-ARM V5.32
ProjectManager.ToolChainLocation=
ProjectManager.UAScriptAfterPath=
ProjectManager.UAScriptBeforePath=
ProjectManager.UnderRoot=false
ProjectManager.functionlistsort=1-SystemClock_Config-RCC-false-HAL-false,2-MX_GPIO_Init-GPIO-false-HAL-true,3-MX_DMA_Init-DMA-false-HAL-true,4-MX_FDCAN1_Init-FDCAN1-false-HAL-true,5-MX_FDCAN2_Init-FDCAN2-false-HAL-true,6-MX_FDCAN3_Init-FDCAN3-false-HAL-true,7-MX_TIM4_Init-TIM4-false-HAL-true,8-MX_TIM7_Init-TIM7-false-HAL-true,9-MX_USART1_UART_Init-USART1-false-HAL-true,10-MX_USB_DEVICE_Init-USB_DEVICE-false-HAL-false,11-MX_USART3_UART_Init-USART3-false-HAL-true,12-MX_TIM13_Init-TIM13-false-HAL-true,13-MX_CORDIC_Init-CORDIC-false-HAL-true,14-MX_TIM2_Init-TIM2-false-HAL-true,15-MX_UART8_Init-UART8-false-HAL-true,0-MX_CORTEX_M7_Init-CORTEX_M7-false-HAL-true
RCC.ADCFreq_Value=50390625
RCC.AHB12Freq_Value=275000000
RCC.AHB4Freq_Value=275000000
RCC.APB1Freq_Value=137500000
RCC.APB2Freq_Value=137500000
RCC.APB3Freq_Value=137500000
RCC.APB4Freq_Value=137500000
RCC.AXIClockFreq_Value=275000000
RCC.CECFreq_Value=32000
RCC.CKPERFreq_Value=64000000
RCC.CortexFreq_Value=550000000
RCC.CpuClockFreq_Value=550000000
RCC.D1CPREFreq_Value=550000000
RCC.D1PPRE=RCC_APB3_DIV2
RCC.D2PPRE1=RCC_APB1_DIV2
RCC.D2PPRE2=RCC_APB2_DIV2
RCC.D3PPRE=RCC_APB4_DIV2
RCC.DFSDMACLkFreq_Value=137500000
RCC.DFSDMFreq_Value=137500000
RCC.DIVM1=2
RCC.DIVN1=44
RCC.DIVP1=1
RCC.DIVP1Freq_Value=550000000
RCC.DIVP2Freq_Value=50390625
RCC.DIVP3Freq_Value=50390625
RCC.DIVQ1=4
RCC.DIVQ1Freq_Value=137500000
RCC.DIVQ2Freq_Value=50390625
RCC.DIVQ3Freq_Value=50390625
RCC.DIVR1Freq_Value=275000000
RCC.DIVR2Freq_Value=50390625
RCC.DIVR3Freq_Value=50390625
RCC.FDCANCLockSelection=RCC_FDCANCLKSOURCE_HSE
RCC.FDCANFreq_Value=25000000
RCC.FMCFreq_Value=275000000
RCC.FamilyName=M
RCC.HCLK3ClockFreq_Value=275000000
RCC.HCLKFreq_Value=275000000
RCC.HPRE=RCC_HCLK_DIV2
RCC.I2C123Freq_Value=137500000
RCC.I2C4Freq_Value=137500000
RCC.IPParameters=ADCFreq_Value,AHB12Freq_Value,AHB4Freq_Value,APB1Freq_Value,APB2Freq_Value,APB3Freq_Value,APB4Freq_Value,AXIClockFreq_Value,CECFreq_Value,CKPERFreq_Value,CortexFreq_Value,CpuClockFreq_Value,D1CPREFreq_Value,D1PPRE,D2PPRE1,D2PPRE2,D3PPRE,DFSDMACLkFreq_Value,DFSDMFreq_Value,DIVM1,DIVN1,DIVP1,DIVP1Freq_Value,DIVP2Freq_Value,DIVP3Freq_Value,DIVQ1,DIVQ1Freq_Value,DIVQ2Freq_Value,DIVQ3Freq_Value,DIVR1Freq_Value,DIVR2Freq_Value,DIVR3Freq_Value,FDCANCLockSelection,FDCANFreq_Value,FMCFreq_Value,FamilyName,HCLK3ClockFreq_Value,HCLKFreq_Value,HPRE,I2C123Freq_Value,I2C4Freq_Value,LPTIM1Freq_Value,LPTIM2Freq_Value,LPTIM345Freq_Value,LPUART1Freq_Value,LTDCFreq_Value,MCO1PinFreq_Value,MCO2PinFreq_Value,PLL2FRACN,PLL3FRACN,PLLFRACN,PLLSourceVirtual,QSPIFreq_Value,RNGFreq_Value,RTCFreq_Value,SAI1Freq_Value,SAI4AFreq_Value,SAI4BFreq_Value,SDMMCFreq_Value,SPDIFRXFreq_Value,SPI123Freq_Value,SPI45Freq_Value,SPI6Freq_Value,SWPMI1Freq_Value,SYSCLKFreq_VALUE,SYSCLKSource,Tim1OutputFreq_Value,Tim2OutputFreq_Value,TraceFreq_Value,USART16Freq_Value,USART234578Freq_Value,USBCLockSelection,USBFreq_Value,VCO1OutputFreq_Value,VCO2OutputFreq_Value,VCO3OutputFreq_Value,VCOInput1Freq_Value,VCOInput2Freq_Value,VCOInput3Freq_Value
RCC.LPTIM1Freq_Value=137500000
RCC.LPTIM2Freq_Value=137500000
RCC.LPTIM345Freq_Value=137500000
RCC.LPUART1Freq_Value=137500000
RCC.LTDCFreq_Value=50390625
RCC.MCO1PinFreq_Value=64000000
RCC.MCO2PinFreq_Value=550000000
RCC.PLL2FRACN=0
RCC.PLL3FRACN=0
RCC.PLLFRACN=0
RCC.PLLSourceVirtual=RCC_PLLSOURCE_HSE
RCC.QSPIFreq_Value=275000000
RCC.RNGFreq_Value=48000000
RCC.RTCFreq_Value=32000
RCC.SAI1Freq_Value=137500000
RCC.SAI4AFreq_Value=137500000
RCC.SAI4BFreq_Value=137500000
RCC.SDMMCFreq_Value=137500000
RCC.SPDIFRXFreq_Value=137500000
RCC.SPI123Freq_Value=137500000
RCC.SPI45Freq_Value=137500000
RCC.SPI6Freq_Value=137500000
RCC.SWPMI1Freq_Value=137500000
RCC.SYSCLKFreq_VALUE=550000000
RCC.SYSCLKSource=RCC_SYSCLKSOURCE_PLLCLK
RCC.Tim1OutputFreq_Value=275000000
RCC.Tim2OutputFreq_Value=275000000
RCC.TraceFreq_Value=275000000
RCC.USART16Freq_Value=137500000
RCC.USART234578Freq_Value=137500000
RCC.USBCLockSelection=RCC_USBCLKSOURCE_HSI48
RCC.USBFreq_Value=48000000
RCC.VCO1OutputFreq_Value=550000000
RCC.VCO2OutputFreq_Value=100781250
RCC.VCO3OutputFreq_Value=100781250
RCC.VCOInput1Freq_Value=12500000
RCC.VCOInput2Freq_Value=781250
RCC.VCOInput3Freq_Value=781250
SH.GPXTI14.0=GPIO_EXTI14
SH.GPXTI14.ConfNb=1
SH.GPXTI15.0=GPIO_EXTI15
SH.GPXTI15.ConfNb=1
SH.GPXTI2.0=GPIO_EXTI2
SH.GPXTI2.ConfNb=1
SH.GPXTI8.0=GPIO_EXTI8
SH.GPXTI8.ConfNb=1
SH.GPXTI9.0=GPIO_EXTI9
SH.GPXTI9.ConfNb=1
STMicroelectronics.X-CUBE-ALGOBUILD.1.4.0.DSPOoLibraryJjLibrary_Checked=false
STMicroelectronics.X-CUBE-ALGOBUILD.1.4.0_SwParameter=LibraryCcDSPOoLibraryJjDSPOoLibrary\:true;
TIM13.IPParameters=Prescaler,Period
TIM13.Period=2000 - 1
TIM13.Prescaler=275 - 1
TIM2.IPParameters=Prescaler
TIM2.Prescaler=275 - 1
TIM4.IPParameters=Prescaler,Period
TIM4.Period=2000 - 1
TIM4.Prescaler=275 - 1
TIM7.IPParameters=Prescaler,Period
TIM7.Period=1000 - 1
TIM7.Prescaler=275 - 1
USART1.DMADisableonRxErrorParam=ADVFEATURE_DMA_ENABLEONRXERROR
USART1.FIFOMode=FIFOMODE_ENABLE
USART1.IPParameters=VirtualMode-Asynchronous,OverrunDisableParam,DMADisableonRxErrorParam,FIFOMode
USART1.OverrunDisableParam=ADVFEATURE_OVERRUN_DISABLE
USART1.VirtualMode-Asynchronous=VM_ASYNC
USART3.IPParameters=VirtualMode-Asynchronous,OverrunDisableParam
USART3.OverrunDisableParam=ADVFEATURE_OVERRUN_DISABLE
USART3.VirtualMode-Asynchronous=VM_ASYNC
USB_DEVICE.APP_RX_DATA_SIZE=512
USB_DEVICE.APP_TX_DATA_SIZE=512
USB_DEVICE.CLASS_NAME_HS=CDC
USB_DEVICE.IPParameters=VirtualMode,VirtualModeHS,CLASS_NAME_HS,APP_RX_DATA_SIZE,APP_TX_DATA_SIZE
USB_DEVICE.VirtualMode=Cdc
USB_DEVICE.VirtualModeHS=Cdc_HS
USB_OTG_HS.IPParameters=VirtualMode-Device_Only_FS,dma_enable-Device_Only_FS
USB_OTG_HS.VirtualMode-Device_Only_FS=Device_Only_FS
USB_OTG_HS.dma_enable-Device_Only_FS=DISABLE
VP_CORDIC_VS_CORDIC.Mode=CORDIC_Activate
VP_CORDIC_VS_CORDIC.Signal=CORDIC_VS_CORDIC
VP_FREERTOS_VS_CMSIS_V2.Mode=CMSIS_V2
VP_FREERTOS_VS_CMSIS_V2.Signal=FREERTOS_VS_CMSIS_V2
VP_MEMORYMAP_VS_MEMORYMAP.Mode=CurAppReg
VP_MEMORYMAP_VS_MEMORYMAP.Signal=MEMORYMAP_VS_MEMORYMAP
VP_SYS_VS_tim6.Mode=TIM6
VP_SYS_VS_tim6.Signal=SYS_VS_tim6
VP_TIM13_VS_ClockSourceINT.Mode=Enable_Timer
VP_TIM13_VS_ClockSourceINT.Signal=TIM13_VS_ClockSourceINT
VP_TIM2_VS_ClockSourceINT.Mode=Internal
VP_TIM2_VS_ClockSourceINT.Signal=TIM2_VS_ClockSourceINT
VP_TIM4_VS_ClockSourceINT.Mode=Internal
VP_TIM4_VS_ClockSourceINT.Signal=TIM4_VS_ClockSourceINT
VP_TIM7_VS_ClockSourceINT.Mode=Enable_Timer
VP_TIM7_VS_ClockSourceINT.Signal=TIM7_VS_ClockSourceINT
VP_USB_DEVICE_VS_USB_DEVICE_CDC_HS.Mode=CDC_HS
VP_USB_DEVICE_VS_USB_DEVICE_CDC_HS.Signal=USB_DEVICE_VS_USB_DEVICE_CDC_HS
board=custom
rtos.0.ip=FREERTOS
